<?xml version="1.0" encoding="utf-8"?>
<Project ToolsVersion="4.0" xmlns="http://schemas.microsoft.com/developer/msbuild/2003">
  <ItemGroup>
    <Filter Include="Source Files">
      <UniqueIdentifier>{4FC737F1-C7A5-4376-A066-2A32D752A2FF}</UniqueIdentifier>
      <Extensions>cpp;c;cc;cxx;def;odl;idl;hpj;bat;asm;asmx</Extensions>
    </Filter>
    <Filter Include="Header Files">
      <UniqueIdentifier>{93995380-89BD-4b04-88EB-625FBE52EBFB}</UniqueIdentifier>
      <Extensions>h;hpp;hxx;hm;inl;inc;xsd</Extensions>
    </Filter>
    <Filter Include="Resource Files">
      <UniqueIdentifier>{67DA6AB6-F800-4c08-8B7A-83BB121AAD01}</UniqueIdentifier>
      <Extensions>rc;ico;cur;bmp;dlg;rc2;rct;bin;rgs;gif;jpg;jpeg;jpe;resx;tiff;tif;png;wav</Extensions>
    </Filter>
    <Filter Include="Blocks">
      <UniqueIdentifier>{68344233-3249-439c-aa6f-61b2dc582368}</UniqueIdentifier>
    </Filter>
    <Filter Include="Blocks\MSAFluid">
      <UniqueIdentifier>{c6947972-48e9-459d-b5bc-0d7bc423c27d}</UniqueIdentifier>
    </Filter>
  </ItemGroup>
  <ItemGroup>
    <ClCompile Include="..\src\DisplacementFluidApp.cpp">
      <Filter>Source Files</Filter>
    </ClCompile>
    <ClCompile Include="..\src\DisplacementFluidApp.cpp">
      <Filter>Source Files</Filter>
    </ClCompile>
    <ClInclude Include="..\include\Resources.h">
      <Filter>Header Files</Filter>
    </ClInclude>
    <ClCompile Include="..\src\Particle.cpp">
      <Filter>Source Files</Filter>
    </ClCompile>
    <ClCompile Include="..\src\ParticleSystem.cpp">
      <Filter>Source Files</Filter>
    </ClCompile>
    <ClCompile Include="..\..\..\cinder_0.8.5_vc2012\blocks\msaFluid\src\ciMsaFluidSolver.cpp">
      <Filter>Blocks\MSAFluid</Filter>
    </ClCompile>
    <ClCompile Include="..\..\..\cinder_0.8.5_vc2012\blocks\msaFluid\src\ciMsaFluidDrawerGl.cpp">
      <Filter>Blocks\MSAFluid</Filter>
    </ClCompile>
  </ItemGroup>
  <ItemGroup>
    <ClInclude Include="..\include\Resources.h">
      <Filter>Header Files</Filter>
    </ClInclude>
    <ClInclude Include="..\include\DisplacementFluidApp.h">
      <Filter>Header Files</Filter>
    </ClInclude>
    <ClInclude Include="..\include\Particle.h">
      <Filter>Header Files</Filter>
    </ClInclude>
    <ClInclude Include="..\include\ParticleSystem.h">
      <Filter>Header Files</Filter>
    </ClInclude>
    <ClInclude Include="..\..\..\cinder_0.8.5_vc2012\blocks\msaFluid\include\ciMsaFluidDrawerGl.h">
      <Filter>Blocks\MSAFluid</Filter>
    </ClInclude>
    <ClInclude Include="..\..\..\cinder_0.8.5_vc2012\blocks\msaFluid\include\ciMsaFluid.h">
      <Filter>Blocks\MSAFluid</Filter>
    </ClInclude>
    <ClInclude Include="..\..\..\cinder_0.8.5_vc2012\blocks\msaFluid\include\ciMsaFluidSolver.h">
      <Filter>Blocks\MSAFluid</Filter>
    </ClInclude>
    <ClInclude Include="..\..\..\cinder_0.8.5_vc2012\blocks\msaFluid\include\ciMsaFluidParticleUpdater.h">
      <Filter>Blocks\MSAFluid</Filter>
    </ClInclude>
  </ItemGroup>
  <ItemGroup>
    <ResourceCompile Include="Resources.rc">
      <Filter>Resource Files</Filter>
    </ResourceCompile>
  </ItemGroup>
  <ItemGroup>
    <None Include="..\resources\displacement_vert.glsl">
      <Filter>Resource Files</Filter>
    </None>
    <None Include="..\resources\displacement_frag.glsl">
      <Filter>Resource Files</Filter>
    </None>
  </ItemGroup>
</Project>